
Microsoft Visual Studio Solution File, Format Version 12.00
# Visual Studio Version 17
VisualStudioVersion = 17.0.31611.283
MinimumVisualStudioVersion = 10.0.40219.1
Project("{FAE04EC0-301F-11D3-BF4B-00C04F79EFBC}") = "1.DataAccess", "1.DataAccess\1.DataAccess.csproj", "{DDDC1A40-D6DC-46F9-8BAE-8AD02CB52E55}"
EndProject
Project("{FAE04EC0-301F-11D3-BF4B-00C04F79EFBC}") = "2.BusinessLogic", "2.BusinessLogic\2.BusinessLogic.csproj", "{F977B35F-4C2B-4421-BCED-4F73605A22C8}"
EndProject
Project("{FAE04EC0-301F-11D3-BF4B-00C04F79EFBC}") = "3.Presentation", "3.Presentation\3.Presentation.csproj", "{62C91BBD-0885-4E11-A95C-2A95C637D73C}"
EndProject
Project("{FAE04EC0-301F-11D3-BF4B-00C04F79EFBC}") = "4.Entities", "4.Entities\4.Entities.csproj", "{7215DCCC-0383-49AA-BF3D-6C0803148286}"
EndProject
Global
	GlobalSection(SolutionConfigurationPlatforms) = preSolution
		Debug|Any CPU = Debug|Any CPU
		Release|Any CPU = Release|Any CPU
	EndGlobalSection
	GlobalSection(ProjectConfigurationPlatforms) = postSolution
		{DDDC1A40-D6DC-46F9-8BAE-8AD02CB52E55}.Debug|Any CPU.ActiveCfg = Debug|Any CPU
		{DDDC1A40-D6DC-46F9-8BAE-8AD02CB52E55}.Debug|Any CPU.Build.0 = Debug|Any CPU
		{DDDC1A40-D6DC-46F9-8BAE-8AD02CB52E55}.Release|Any CPU.ActiveCfg = Release|Any CPU
		{DDDC1A40-D6DC-46F9-8BAE-8AD02CB52E55}.Release|Any CPU.Build.0 = Release|Any CPU
		{F977B35F-4C2B-4421-BCED-4F73605A22C8}.Debug|Any CPU.ActiveCfg = Debug|Any CPU
		{F977B35F-4C2B-4421-BCED-4F73605A22C8}.Debug|Any CPU.Build.0 = Debug|Any CPU
		{F977B35F-4C2B-4421-BCED-4F73605A22C8}.Release|Any CPU.ActiveCfg = Release|Any CPU
		{F977B35F-4C2B-4421-BCED-4F73605A22C8}.Release|Any CPU.Build.0 = Release|Any CPU
		{62C91BBD-0885-4E11-A95C-2A95C637D73C}.Debug|Any CPU.ActiveCfg = Debug|Any CPU
		{62C91BBD-0885-4E11-A95C-2A95C637D73C}.Debug|Any CPU.Build.0 = Debug|Any CPU
		{62C91BBD-0885-4E11-A95C-2A95C637D73C}.Debug|Any CPU.Deploy.0 = Debug|Any CPU
		{62C91BBD-0885-4E11-A95C-2A95C637D73C}.Release|Any CPU.ActiveCfg = Release|Any CPU
		{62C91BBD-0885-4E11-A95C-2A95C637D73C}.Release|Any CPU.Build.0 = Release|Any CPU
		{62C91BBD-0885-4E11-A95C-2A95C637D73C}.Release|Any CPU.Deploy.0 = Release|Any CPU
		{7215DCCC-0383-49AA-BF3D-6C0803148286}.Debug|Any CPU.ActiveCfg = Debug|Any CPU
		{7215DCCC-0383-49AA-BF3D-6C0803148286}.Debug|Any CPU.Build.0 = Debug|Any CPU
		{7215DCCC-0383-49AA-BF3D-6C0803148286}.Release|Any CPU.ActiveCfg = Release|Any CPU
		{7215DCCC-0383-49AA-BF3D-6C0803148286}.Release|Any CPU.Build.0 = Release|Any CPU
	EndGlobalSection
	GlobalSection(SolutionProperties) = preSolution
		HideSolutionNode = FALSE
	EndGlobalSection
	GlobalSection(ExtensibilityGlobals) = postSolution
		SolutionGuid = {61F7FB11-1E47-470C-91E2-47F8143E1572}
	EndGlobalSection
EndGlobal
